// !$*UTF8*$!
{
	archiveVersion = 1;
	classes = {
	};
	objectVersion = 50;
	objects = {

/* Begin PBXBuildFile section */
		0772D25F221741690010A5CB /* AppDelegate.swift in Sources */ = {isa = PBXBuildFile; fileRef = 0772D25E221741690010A5CB /* AppDelegate.swift */; };
		0772D261221741690010A5CB /* MealViewController.swift in Sources */ = {isa = PBXBuildFile; fileRef = 0772D260221741690010A5CB /* MealViewController.swift */; };
		0772D264221741690010A5CB /* Main.storyboard in Resources */ = {isa = PBXBuildFile; fileRef = 0772D262221741690010A5CB /* Main.storyboard */; };
		0772D267221741690010A5CB /* FoodTracker.xcdatamodeld in Sources */ = {isa = PBXBuildFile; fileRef = 0772D265221741690010A5CB /* FoodTracker.xcdatamodeld */; };
		0772D2692217416C0010A5CB /* Assets.xcassets in Resources */ = {isa = PBXBuildFile; fileRef = 0772D2682217416C0010A5CB /* Assets.xcassets */; };
		0772D26C2217416C0010A5CB /* LaunchScreen.storyboard in Resources */ = {isa = PBXBuildFile; fileRef = 0772D26A2217416C0010A5CB /* LaunchScreen.storyboard */; };
		0772D2772217416D0010A5CB /* FoodTrackerTests.swift in Sources */ = {isa = PBXBuildFile; fileRef = 0772D2762217416D0010A5CB /* FoodTrackerTests.swift */; };
		0772D28422176B9E0010A5CB /* RatingControl.swift in Sources */ = {isa = PBXBuildFile; fileRef = 0772D28322176B9E0010A5CB /* RatingControl.swift */; };
		0772D2882219DE2C0010A5CB /* Meal.swift in Sources */ = {isa = PBXBuildFile; fileRef = 0772D2872219DE2C0010A5CB /* Meal.swift */; };
		0772D28A2219E32C0010A5CB /* MealTableViewCell.swift in Sources */ = {isa = PBXBuildFile; fileRef = 0772D2892219E32C0010A5CB /* MealTableViewCell.swift */; };
		0772D28C2219E9C60010A5CB /* MealTableViewController.swift in Sources */ = {isa = PBXBuildFile; fileRef = 0772D28B2219E9C60010A5CB /* MealTableViewController.swift */; };
		07EA9D0D221B355F00ED2A70 /* SignUp.swift in Sources */ = {isa = PBXBuildFile; fileRef = 07EA9D0C221B355F00ED2A70 /* SignUp.swift */; };
/* End PBXBuildFile section */

/* Begin PBXContainerItemProxy section */
		0772D2732217416D0010A5CB /* PBXContainerItemProxy */ = {
			isa = PBXContainerItemProxy;
			containerPortal = 0772D253221741690010A5CB /* Project object */;
			proxyType = 1;
			remoteGlobalIDString = 0772D25A221741690010A5CB;
			remoteInfo = FoodTracker;
		};
/* End PBXContainerItemProxy section */

/* Begin PBXFileReference section */
		0772D25B221741690010A5CB /* FoodTracker.app */ = {isa = PBXFileReference; explicitFileType = wrapper.application; includeInIndex = 0; path = FoodTracker.app; sourceTree = BUILT_PRODUCTS_DIR; };
		0772D25E221741690010A5CB /* AppDelegate.swift */ = {isa = PBXFileReference; lastKnownFileType = sourcecode.swift; path = AppDelegate.swift; sourceTree = "<group>"; };
		0772D260221741690010A5CB /* MealViewController.swift */ = {isa = PBXFileReference; lastKnownFileType = sourcecode.swift; path = MealViewController.swift; sourceTree = "<group>"; };
		0772D263221741690010A5CB /* Base */ = {isa = PBXFileReference; lastKnownFileType = file.storyboard; name = Base; path = Base.lproj/Main.storyboard; sourceTree = "<group>"; };
		0772D266221741690010A5CB /* FoodTracker.xcdatamodel */ = {isa = PBXFileReference; lastKnownFileType = wrapper.xcdatamodel; path = FoodTracker.xcdatamodel; sourceTree = "<group>"; };
		0772D2682217416C0010A5CB /* Assets.xcassets */ = {isa = PBXFileReference; lastKnownFileType = folder.assetcatalog; path = Assets.xcassets; sourceTree = "<group>"; };
		0772D26B2217416C0010A5CB /* Base */ = {isa = PBXFileReference; lastKnownFileType = file.storyboard; name = Base; path = Base.lproj/LaunchScreen.storyboard; sourceTree = "<group>"; };
		0772D26D2217416C0010A5CB /* Info.plist */ = {isa = PBXFileReference; lastKnownFileType = text.plist.xml; path = Info.plist; sourceTree = "<group>"; };
		0772D2722217416D0010A5CB /* FoodTrackerTests.xctest */ = {isa = PBXFileReference; explicitFileType = wrapper.cfbundle; includeInIndex = 0; path = FoodTrackerTests.xctest; sourceTree = BUILT_PRODUCTS_DIR; };
		0772D2762217416D0010A5CB /* FoodTrackerTests.swift */ = {isa = PBXFileReference; lastKnownFileType = sourcecode.swift; path = FoodTrackerTests.swift; sourceTree = "<group>"; };
		0772D2782217416D0010A5CB /* Info.plist */ = {isa = PBXFileReference; lastKnownFileType = text.plist.xml; path = Info.plist; sourceTree = "<group>"; };
		0772D28322176B9E0010A5CB /* RatingControl.swift */ = {isa = PBXFileReference; lastKnownFileType = sourcecode.swift; path = RatingControl.swift; sourceTree = "<group>"; };
		0772D2872219DE2C0010A5CB /* Meal.swift */ = {isa = PBXFileReference; lastKnownFileType = sourcecode.swift; path = Meal.swift; sourceTree = "<group>"; };
		0772D2892219E32C0010A5CB /* MealTableViewCell.swift */ = {isa = PBXFileReference; lastKnownFileType = sourcecode.swift; path = MealTableViewCell.swift; sourceTree = "<group>"; };
		0772D28B2219E9C60010A5CB /* MealTableViewController.swift */ = {isa = PBXFileReference; lastKnownFileType = sourcecode.swift; path = MealTableViewController.swift; sourceTree = "<group>"; };
		07EA9D0C221B355F00ED2A70 /* SignUp.swift */ = {isa = PBXFileReference; lastKnownFileType = sourcecode.swift; path = SignUp.swift; sourceTree = "<group>"; };
/* End PBXFileReference section */

/* Begin PBXFrameworksBuildPhase section */
		0772D258221741690010A5CB /* Frameworks */ = {
			isa = PBXFrameworksBuildPhase;
			buildActionMask = 2147483647;
			files = (
			);
			runOnlyForDeploymentPostprocessing = 0;
		};
		0772D26F2217416D0010A5CB /* Frameworks */ = {
			isa = PBXFrameworksBuildPhase;
			buildActionMask = 2147483647;
			files = (
			);
			runOnlyForDeploymentPostprocessing = 0;
		};
/* End PBXFrameworksBuildPhase section */

/* Begin PBXGroup section */
		0772D252221741690010A5CB = {
			isa = PBXGroup;
			children = (
				0772D25D221741690010A5CB /* FoodTracker */,
				0772D2752217416D0010A5CB /* FoodTrackerTests */,
				0772D25C221741690010A5CB /* Products */,
			);
			sourceTree = "<group>";
		};
		0772D25C221741690010A5CB /* Products */ = {
			isa = PBXGroup;
			children = (
				0772D25B221741690010A5CB /* FoodTracker.app */,
				0772D2722217416D0010A5CB /* FoodTrackerTests.xctest */,
			);
			name = Products;
			sourceTree = "<group>";
		};
		0772D25D221741690010A5CB /* FoodTracker */ = {
			isa = PBXGroup;
			children = (
				0772D25E221741690010A5CB /* AppDelegate.swift */,
				0772D260221741690010A5CB /* MealViewController.swift */,
				07EA9D0C221B355F00ED2A70 /* SignUp.swift */,
				0772D28322176B9E0010A5CB /* RatingControl.swift */,
				0772D2872219DE2C0010A5CB /* Meal.swift */,
				0772D262221741690010A5CB /* Main.storyboard */,
				0772D2892219E32C0010A5CB /* MealTableViewCell.swift */,
				0772D28B2219E9C60010A5CB /* MealTableViewController.swift */,
				0772D2682217416C0010A5CB /* Assets.xcassets */,
				0772D26A2217416C0010A5CB /* LaunchScreen.storyboard */,
				0772D26D2217416C0010A5CB /* Info.plist */,
				0772D265221741690010A5CB /* FoodTracker.xcdatamodeld */,
			);
			path = FoodTracker;
			sourceTree = "<group>";
		};
		0772D2752217416D0010A5CB /* FoodTrackerTests */ = {
			isa = PBXGroup;
			children = (
				0772D2762217416D0010A5CB /* FoodTrackerTests.swift */,
				0772D2782217416D0010A5CB /* Info.plist */,
			);
			path = FoodTrackerTests;
			sourceTree = "<group>";
		};
/* End PBXGroup section */

/* Begin PBXNativeTarget section */
		0772D25A221741690010A5CB /* FoodTracker */ = {
			isa = PBXNativeTarget;
			buildConfigurationList = 0772D27B2217416D0010A5CB /* Build configuration list for PBXNativeTarget "FoodTracker" */;
			buildPhases = (
				0772D257221741690010A5CB /* Sources */,
				0772D258221741690010A5CB /* Frameworks */,
				0772D259221741690010A5CB /* Resources */,
			);
			buildRules = (
			);
			dependencies = (
			);
			name = FoodTracker;
			productName = FoodTracker;
			productReference = 0772D25B221741690010A5CB /* FoodTracker.app */;
			productType = "com.apple.product-type.application";
		};
		0772D2712217416D0010A5CB /* FoodTrackerTests */ = {
			isa = PBXNativeTarget;
			buildConfigurationList = 0772D27E2217416D0010A5CB /* Build configuration list for PBXNativeTarget "FoodTrackerTests" */;
			buildPhases = (
				0772D26E2217416D0010A5CB /* Sources */,
				0772D26F2217416D0010A5CB /* Frameworks */,
				0772D2702217416D0010A5CB /* Resources */,
			);
			buildRules = (
			);
			dependencies = (
				0772D2742217416D0010A5CB /* PBXTargetDependency */,
			);
			name = FoodTrackerTests;
			productName = FoodTrackerTests;
			productReference = 0772D2722217416D0010A5CB /* FoodTrackerTests.xctest */;
			productType = "com.apple.product-type.bundle.unit-test";
		};
/* End PBXNativeTarget section */

/* Begin PBXProject section */
		0772D253221741690010A5CB /* Project object */ = {
			isa = PBXProject;
			attributes = {
				LastSwiftUpdateCheck = 1010;
				LastUpgradeCheck = 1010;
				ORGANIZATIONNAME = "Omar Tehsin";
				TargetAttributes = {
					0772D25A221741690010A5CB = {
						CreatedOnToolsVersion = 10.1;
					};
					0772D2712217416D0010A5CB = {
						CreatedOnToolsVersion = 10.1;
						TestTargetID = 0772D25A221741690010A5CB;
					};
				};
			};
			buildConfigurationList = 0772D256221741690010A5CB /* Build configuration list for PBXProject "FoodTracker" */;
			compatibilityVersion = "Xcode 9.3";
			developmentRegion = en;
			hasScannedForEncodings = 0;
			knownRegions = (
				en,
				Base,
			);
			mainGroup = 0772D252221741690010A5CB;
			productRefGroup = 0772D25C221741690010A5CB /* Products */;
			projectDirPath = "";
			projectRoot = "";
			targets = (
				0772D25A221741690010A5CB /* FoodTracker */,
				0772D2712217416D0010A5CB /* FoodTrackerTests */,
			);
		};
/* End PBXProject section */

/* Begin PBXResourcesBuildPhase section */
		0772D259221741690010A5CB /* Resources */ = {
			isa = PBXResourcesBuildPhase;
			buildActionMask = 2147483647;
			files = (
				0772D26C2217416C0010A5CB /* LaunchScreen.storyboard in Resources */,
				0772D2692217416C0010A5CB /* Assets.xcassets in Resources */,
				0772D264221741690010A5CB /* Main.storyboard in Resources */,
			);
			runOnlyForDeploymentPostprocessing = 0;
		};
		0772D2702217416D0010A5CB /* Resources */ = {
			isa = PBXResourcesBuildPhase;
			buildActionMask = 2147483647;
			files = (
			);
			runOnlyForDeploymentPostprocessing = 0;
		};
/* End PBXResourcesBuildPhase section */

/* Begin PBXSourcesBuildPhase section */
		0772D257221741690010A5CB /* Sources */ = {
			isa = PBXSourcesBuildPhase;
			buildActionMask = 2147483647;
			files = (
				0772D2882219DE2C0010A5CB /* Meal.swift in Sources */,
				0772D28422176B9E0010A5CB /* RatingControl.swift in Sources */,
				0772D28C2219E9C60010A5CB /* MealTableViewController.swift in Sources */,
				0772D28A2219E32C0010A5CB /* MealTableViewCell.swift in Sources */,
				0772D261221741690010A5CB /* MealViewController.swift in Sources */,
				07EA9D0D221B355F00ED2A70 /* SignUp.swift in Sources */,
				0772D25F221741690010A5CB /* AppDelegate.swift in Sources */,
				0772D267221741690010A5CB /* FoodTracker.xcdatamodeld in Sources */,
			);
			runOnlyForDeploymentPostprocessing = 0;
		};
		0772D26E2217416D0010A5CB /* Sources */ = {
			isa = PBXSourcesBuildPhase;
			buildActionMask = 2147483647;
			files = (
				0772D2772217416D0010A5CB /* FoodTrackerTests.swift in Sources */,
			);
			runOnlyForDeploymentPostprocessing = 0;
		};
/* End PBXSourcesBuildPhase section */

/* Begin PBXTargetDependency section */
		0772D2742217416D0010A5CB /* PBXTargetDependency */ = {
			isa = PBXTargetDependency;
			target = 0772D25A221741690010A5CB /* FoodTracker */;
			targetProxy = 0772D2732217416D0010A5CB /* PBXContainerItemProxy */;
		};
/* End PBXTargetDependency section */

/* Begin PBXVariantGroup section */
		0772D262221741690010A5CB /* Main.storyboard */ = {
			isa = PBXVariantGroup;
			children = (
				0772D263221741690010A5CB /* Base */,
			);
			name = Main.storyboard;
			sourceTree = "<group>";
		};
		0772D26A2217416C0010A5CB /* LaunchScreen.storyboard */ = {
			isa = PBXVariantGroup;
			children = (
				0772D26B2217416C0010A5CB /* Base */,
			);
			name = LaunchScreen.storyboard;
			sourceTree = "<group>";
		};
/* End PBXVariantGroup section */

/* Begin XCBuildConfiguration section */
		0772D2792217416D0010A5CB /* Debug */ = {
			isa = XCBuildConfiguration;
			buildSettings = {
				ALWAYS_SEARCH_USER_PATHS = NO;
				CLANG_ANALYZER_NONNULL = YES;
				CLANG_ANALYZER_NUMBER_OBJECT_CONVERSION = YES_AGGRESSIVE;
				CLANG_CXX_LANGUAGE_STANDARD = "gnu++14";
				CLANG_CXX_LIBRARY = "libc++";
				CLANG_ENABLE_MODULES = YES;
				CLANG_ENABLE_OBJC_ARC = YES;
				CLANG_ENABLE_OBJC_WEAK = YES;
				CLANG_WARN_BLOCK_CAPTURE_AUTORELEASING = YES;
				CLANG_WARN_BOOL_CONVERSION = YES;
				CLANG_WARN_COMMA = YES;
				CLANG_WARN_CONSTANT_CONVERSION = YES;
				CLANG_WARN_DEPRECATED_OBJC_IMPLEMENTATIONS = YES;
				CLANG_WARN_DIRECT_OBJC_ISA_USAGE = YES_ERROR;
				CLANG_WARN_DOCUMENTATION_COMMENTS = YES;
				CLANG_WARN_EMPTY_BODY = YES;
				CLANG_WARN_ENUM_CONVERSION = YES;
				CLANG_WARN_INFINITE_RECURSION = YES;
				CLANG_WARN_INT_CONVERSION = YES;
				CLANG_WARN_NON_LITERAL_NULL_CONVERSION = YES;
				CLANG_WARN_OBJC_IMPLICIT_RETAIN_SELF = YES;
				CLANG_WARN_OBJC_LITERAL_CONVERSION = YES;
				CLANG_WARN_OBJC_ROOT_CLASS = YES_ERROR;
				CLANG_WARN_RANGE_LOOP_ANALYSIS = YES;
				CLANG_WARN_STRICT_PROTOTYPES = YES;
				CLANG_WARN_SUSPICIOUS_MOVE = YES;
				CLANG_WARN_UNGUARDED_AVAILABILITY = YES_AGGRESSIVE;
				CLANG_WARN_UNREACHABLE_CODE = YES;
				CLANG_WARN__DUPLICATE_METHOD_MATCH = YES;
				CODE_SIGN_IDENTITY = "iPhone Developer";
				COPY_PHASE_STRIP = NO;
				DEBUG_INFORMATION_FORMAT = dwarf;
				ENABLE_STRICT_OBJC_MSGSEND = YES;
				ENABLE_TESTABILITY = YES;
				GCC_C_LANGUAGE_STANDARD = gnu11;
				GCC_DYNAMIC_NO_PIC = NO;
				GCC_NO_COMMON_BLOCKS = YES;
				GCC_OPTIMIZATION_LEVEL = 0;
				GCC_PREPROCESSOR_DEFINITIONS = (
					"DEBUG=1",
					"$(inherited)",
				);
				GCC_WARN_64_TO_32_BIT_CONVERSION = YES;
				GCC_WARN_ABOUT_RETURN_TYPE = YES_ERROR;
				GCC_WARN_UNDECLARED_SELECTOR = YES;
				GCC_WARN_UNINITIALIZED_AUTOS = YES_AGGRESSIVE;
				GCC_WARN_UNUSED_FUNCTION = YES;
				GCC_WARN_UNUSED_VARIABLE = YES;
				IPHONEOS_DEPLOYMENT_TARGET = 12.1;
				MTL_ENABLE_DEBUG_INFO = INCLUDE_SOURCE;
				MTL_FAST_MATH = YES;
				ONLY_ACTIVE_ARCH = YES;
				SDKROOT = iphoneos;
				SWIFT_ACTIVE_COMPILATION_CONDITIONS = DEBUG;
				SWIFT_OPTIMIZATION_LEVEL = "-Onone";
			};
			name = Debug;
		};
		0772D27A2217416D0010A5CB /* Release */ = {
			isa = XCBuildConfiguration;
			buildSettings = {
				ALWAYS_SEARCH_USER_PATHS = NO;
				CLANG_ANALYZER_NONNULL = YES;
				CLANG_ANALYZER_NUMBER_OBJECT_CONVERSION = YES_AGGRESSIVE;
				CLANG_CXX_LANGUAGE_STANDARD = "gnu++14";
				CLANG_CXX_LIBRARY = "libc++";
				CLANG_ENABLE_MODULES = YES;
				CLANG_ENABLE_OBJC_ARC = YES;
				CLANG_ENABLE_OBJC_WEAK = YES;
				CLANG_WARN_BLOCK_CAPTURE_AUTORELEASING = YES;
				CLANG_WARN_BOOL_CONVERSION = YES;
				CLANG_WARN_COMMA = YES;
				CLANG_WARN_CONSTANT_CONVERSION = YES;
				CLANG_WARN_DEPRECATED_OBJC_IMPLEMENTATIONS = YES;
				CLANG_WARN_DIRECT_OBJC_ISA_USAGE = YES_ERROR;
				CLANG_WARN_DOCUMENTATION_COMMENTS = YES;
				CLANG_WARN_EMPTY_BODY = YES;
				CLANG_WARN_ENUM_CONVERSION = YES;
				CLANG_WARN_INFINITE_RECURSION = YES;
				CLANG_WARN_INT_CONVERSION = YES;
				CLANG_WARN_NON_LITERAL_NULL_CONVERSION = YES;
				CLANG_WARN_OBJC_IMPLICIT_RETAIN_SELF = YES;
				CLANG_WARN_OBJC_LITERAL_CONVERSION = YES;
				CLANG_WARN_OBJC_ROOT_CLASS = YES_ERROR;
				CLANG_WARN_RANGE_LOOP_ANALYSIS = YES;
				CLANG_WARN_STRICT_PROTOTYPES = YES;
				CLANG_WARN_SUSPICIOUS_MOVE = YES;
				CLANG_WARN_UNGUARDED_AVAILABILITY = YES_AGGRESSIVE;
				CLANG_WARN_UNREACHABLE_CODE = YES;
				CLANG_WARN__DUPLICATE_METHOD_MATCH = YES;
				CODE_SIGN_IDENTITY = "iPhone Developer";
				COPY_PHASE_STRIP = NO;
				DEBUG_INFORMATION_FORMAT = "dwarf-with-dsym";
				ENABLE_NS_ASSERTIONS = NO;
				ENABLE_STRICT_OBJC_MSGSEND = YES;
				GCC_C_LANGUAGE_STANDARD = gnu11;
				GCC_NO_COMMON_BLOCKS = YES;
				GCC_WARN_64_TO_32_BIT_CONVERSION = YES;
				GCC_WARN_ABOUT_RETURN_TYPE = YES_ERROR;
				GCC_WARN_UNDECLARED_SELECTOR = YES;
				GCC_WARN_UNINITIALIZED_AUTOS = YES_AGGRESSIVE;
				GCC_WARN_UNUSED_FUNCTION = YES;
				GCC_WARN_UNUSED_VARIABLE = YES;
				IPHONEOS_DEPLOYMENT_TARGET = 12.1;
				MTL_ENABLE_DEBUG_INFO = NO;
				MTL_FAST_MATH = YES;
				SDKROOT = iphoneos;
				SWIFT_COMPILATION_MODE = wholemodule;
				SWIFT_OPTIMIZATION_LEVEL = "-O";
				VALIDATE_PRODUCT = YES;
			};
			name = Release;
		};
		0772D27C2217416D0010A5CB /* Debug */ = {
			isa = XCBuildConfiguration;
			buildSettings = {
				ASSETCATALOG_COMPILER_APPICON_NAME = AppIcon;
				CODE_SIGN_STYLE = Automatic;
				DEVELOPMENT_TEAM = 3CHBMWBLU9;
				INFOPLIST_FILE = FoodTracker/Info.plist;
				LD_RUNPATH_SEARCH_PATHS = (
					"$(inherited)",
					"@executable_path/Frameworks",
				);
				PRODUCT_BUNDLE_IDENTIFIER = com.omartehsin.FoodTracker;
				PRODUCT_NAME = "$(TARGET_NAME)";
				SWIFT_VERSION = 4.2;
				TARGETED_DEVICE_FAMILY = "1,2";
			};
			name = Debug;
		};
		0772D27D2217416D0010A5CB /* Release */ = {
			isa = XCBuildConfiguration;
			buildSettings = {
				ASSETCATALOG_COMPILER_APPICON_NAME = AppIcon;
				CODE_SIGN_STYLE = Automatic;
				DEVELOPMENT_TEAM = 3CHBMWBLU9;
				INFOPLIST_FILE = FoodTracker/Info.plist;
				LD_RUNPATH_SEARCH_PATHS = (
					"$(inherited)",
					"@executable_path/Frameworks",
				);
				PRODUCT_BUNDLE_IDENTIFIER = com.omartehsin.FoodTracker;
				PRODUCT_NAME = "$(TARGET_NAME)";
				SWIFT_VERSION = 4.2;
				TARGETED_DEVICE_FAMILY = "1,2";
			};
			name = Release;
		};
		0772D27F2217416D0010A5CB /* Debug */ = {
			isa = XCBuildConfiguration;
			buildSettings = {
				ALWAYS_EMBED_SWIFT_STANDARD_LIBRARIES = YES;
				BUNDLE_LOADER = "$(TEST_HOST)";
				CODE_SIGN_STYLE = Automatic;
				DEVELOPMENT_TEAM = 3CHBMWBLU9;
				INFOPLIST_FILE = FoodTrackerTests/Info.plist;
				LD_RUNPATH_SEARCH_PATHS = (
					"$(inherited)",
					"@executable_path/Frameworks",
					"@loader_path/Frameworks",
				);
				PRODUCT_BUNDLE_IDENTIFIER = com.omartehsin.FoodTrackerTests;
				PRODUCT_NAME = "$(TARGET_NAME)";
				SWIFT_VERSION = 4.2;
				TARGETED_DEVICE_FAMILY = "1,2";
				TEST_HOST = "$(BUILT_PRODUCTS_DIR)/FoodTracker.app/FoodTracker";
			};
			name = Debug;
		};
		0772D2802217416D0010A5CB /* Release */ = {
			isa = XCBuildConfiguration;
			buildSettings = {
				ALWAYS_EMBED_SWIFT_STANDARD_LIBRARIES = YES;
				BUNDLE_LOADER = "$(TEST_HOST)";
				CODE_SIGN_STYLE = Automatic;
				DEVELOPMENT_TEAM = 3CHBMWBLU9;
				INFOPLIST_FILE = FoodTrackerTests/Info.plist;
				LD_RUNPATH_SEARCH_PATHS = (
					"$(inherited)",
					"@executable_path/Frameworks",
					"@loader_path/Frameworks",
				);
				PRODUCT_BUNDLE_IDENTIFIER = com.omartehsin.FoodTrackerTests;
				PRODUCT_NAME = "$(TARGET_NAME)";
				SWIFT_VERSION = 4.2;
				TARGETED_DEVICE_FAMILY = "1,2";
				TEST_HOST = "$(BUILT_PRODUCTS_DIR)/FoodTracker.app/FoodTracker";
			};
			name = Release;
		};
/* End XCBuildConfiguration section */

/* Begin XCConfigurationList section */
		0772D256221741690010A5CB /* Build configuration list for PBXProject "FoodTracker" */ = {
			isa = XCConfigurationList;
			buildConfigurations = (
				0772D2792217416D0010A5CB /* Debug */,
				0772D27A2217416D0010A5CB /* Release */,
			);
			defaultConfigurationIsVisible = 0;
			defaultConfigurationName = Release;
		};
		0772D27B2217416D0010A5CB /* Build configuration list for PBXNativeTarget "FoodTracker" */ = {
			isa = XCConfigurationList;
			buildConfigurations = (
				0772D27C2217416D0010A5CB /* Debug */,
				0772D27D2217416D0010A5CB /* Release */,
			);
			defaultConfigurationIsVisible = 0;
			defaultConfigurationName = Release;
		};
		0772D27E2217416D0010A5CB /* Build configuration list for PBXNativeTarget "FoodTrackerTests" */ = {
			isa = XCConfigurationList;
			buildConfigurations = (
				0772D27F2217416D0010A5CB /* Debug */,
				0772D2802217416D0010A5CB /* Release */,
			);
			defaultConfigurationIsVisible = 0;
			defaultConfigurationName = Release;
		};
/* End XCConfigurationList section */

/* Begin XCVersionGroup section */
		0772D265221741690010A5CB /* FoodTracker.xcdatamodeld */ = {
			isa = XCVersionGroup;
			children = (
				0772D266221741690010A5CB /* FoodTracker.xcdatamodel */,
			);
			currentVersion = 0772D266221741690010A5CB /* FoodTracker.xcdatamodel */;
			path = FoodTracker.xcdatamodeld;
			sourceTree = "<group>";
			versionGroupType = wrapper.xcdatamodel;
		};
/* End XCVersionGroup section */
	};
	rootObject = 0772D253221741690010A5CB /* Project object */;
}
